
Microsoft Visual Studio Solution File, Format Version 12.00
# Visual Studio Version 16
VisualStudioVersion = 16.0.31005.135
MinimumVisualStudioVersion = 10.0.40219.1
Project("{FAE04EC0-301F-11D3-BF4B-00C04F79EFBC}") = "Sample!_HelloWorld", "Sample!_HelloWorld.csproj", "{C3B6DAEC-1152-45A9-B610-CE0F6CC6CEA9}"
EndProject
Global
	GlobalSection(SolutionConfigurationPlatforms) = preSolution
		Debug|Any CPU = Debug|Any CPU
		Release|Any CPU = Release|Any CPU
	EndGlobalSection
	GlobalSection(ProjectConfigurationPlatforms) = postSolution
		{C3B6DAEC-1152-45A9-B610-CE0F6CC6CEA9}.Debug|Any CPU.ActiveCfg = Debug|Any CPU
		{C3B6DAEC-1152-45A9-B610-CE0F6CC6CEA9}.Debug|Any CPU.Build.0 = Debug|Any CPU
		{C3B6DAEC-1152-45A9-B610-CE0F6CC6CEA9}.Release|Any CPU.ActiveCfg = Release|Any CPU
		{C3B6DAEC-1152-45A9-B610-CE0F6CC6CEA9}.Release|Any CPU.Build.0 = Release|Any CPU
	EndGlobalSection
	GlobalSection(SolutionProperties) = preSolution
		HideSolutionNode = FALSE
	EndGlobalSection
	GlobalSection(ExtensibilityGlobals) = postSolution
		SolutionGuid = {9B987741-518B-4239-8008-B75CD0F0D70F}
	EndGlobalSection
EndGlobal
