
Microsoft Visual Studio Solution File, Format Version 12.00
# Visual Studio Version 16
VisualStudioVersion = 16.0.31005.135
MinimumVisualStudioVersion = 10.0.40219.1
Project("{FAE04EC0-301F-11D3-BF4B-00C04F79EFBC}") = "Sample3_InputMyName", "Sample3_InputMyName.csproj", "{024BCC8B-0BAE-483A-95E6-EDD40EDFF9A5}"
EndProject
Global
	GlobalSection(SolutionConfigurationPlatforms) = preSolution
		Debug|Any CPU = Debug|Any CPU
		Release|Any CPU = Release|Any CPU
	EndGlobalSection
	GlobalSection(ProjectConfigurationPlatforms) = postSolution
		{024BCC8B-0BAE-483A-95E6-EDD40EDFF9A5}.Debug|Any CPU.ActiveCfg = Debug|Any CPU
		{024BCC8B-0BAE-483A-95E6-EDD40EDFF9A5}.Debug|Any CPU.Build.0 = Debug|Any CPU
		{024BCC8B-0BAE-483A-95E6-EDD40EDFF9A5}.Release|Any CPU.ActiveCfg = Release|Any CPU
		{024BCC8B-0BAE-483A-95E6-EDD40EDFF9A5}.Release|Any CPU.Build.0 = Release|Any CPU
	EndGlobalSection
	GlobalSection(SolutionProperties) = preSolution
		HideSolutionNode = FALSE
	EndGlobalSection
	GlobalSection(ExtensibilityGlobals) = postSolution
		SolutionGuid = {2AD36DB6-39B1-4215-A9C6-AF42598456EA}
	EndGlobalSection
EndGlobal
