
Microsoft Visual Studio Solution File, Format Version 12.00
# Visual Studio Version 16
VisualStudioVersion = 16.0.31019.35
MinimumVisualStudioVersion = 10.0.40219.1
Project("{FAE04EC0-301F-11D3-BF4B-00C04F79EFBC}") = "Sample9_Pi", "Sample9_Pi.csproj", "{406E8B44-BB13-4317-8E62-F763E9AD5312}"
EndProject
Global
	GlobalSection(SolutionConfigurationPlatforms) = preSolution
		Debug|Any CPU = Debug|Any CPU
		Release|Any CPU = Release|Any CPU
	EndGlobalSection
	GlobalSection(ProjectConfigurationPlatforms) = postSolution
		{406E8B44-BB13-4317-8E62-F763E9AD5312}.Debug|Any CPU.ActiveCfg = Debug|Any CPU
		{406E8B44-BB13-4317-8E62-F763E9AD5312}.Debug|Any CPU.Build.0 = Debug|Any CPU
		{406E8B44-BB13-4317-8E62-F763E9AD5312}.Release|Any CPU.ActiveCfg = Release|Any CPU
		{406E8B44-BB13-4317-8E62-F763E9AD5312}.Release|Any CPU.Build.0 = Release|Any CPU
	EndGlobalSection
	GlobalSection(SolutionProperties) = preSolution
		HideSolutionNode = FALSE
	EndGlobalSection
	GlobalSection(ExtensibilityGlobals) = postSolution
		SolutionGuid = {30911A22-EFBB-4F60-94B3-B6CF80A1B2E6}
	EndGlobalSection
EndGlobal
