
Microsoft Visual Studio Solution File, Format Version 12.00
# Visual Studio Version 16
VisualStudioVersion = 16.0.31019.35
MinimumVisualStudioVersion = 10.0.40219.1
Project("{FAE04EC0-301F-11D3-BF4B-00C04F79EFBC}") = "Sample1_HelloWorld", "Sample1_HelloWorld\Sample1_HelloWorld.csproj", "{23117628-0C87-4E8F-8C07-FD59E120DB26}"
EndProject
Global
	GlobalSection(SolutionConfigurationPlatforms) = preSolution
		Debug|Any CPU = Debug|Any CPU
		Release|Any CPU = Release|Any CPU
	EndGlobalSection
	GlobalSection(ProjectConfigurationPlatforms) = postSolution
		{23117628-0C87-4E8F-8C07-FD59E120DB26}.Debug|Any CPU.ActiveCfg = Debug|Any CPU
		{23117628-0C87-4E8F-8C07-FD59E120DB26}.Debug|Any CPU.Build.0 = Debug|Any CPU
		{23117628-0C87-4E8F-8C07-FD59E120DB26}.Release|Any CPU.ActiveCfg = Release|Any CPU
		{23117628-0C87-4E8F-8C07-FD59E120DB26}.Release|Any CPU.Build.0 = Release|Any CPU
	EndGlobalSection
	GlobalSection(SolutionProperties) = preSolution
		HideSolutionNode = FALSE
	EndGlobalSection
	GlobalSection(ExtensibilityGlobals) = postSolution
		SolutionGuid = {D6CD1AC5-D3DA-426A-A222-4372BC4135AD}
	EndGlobalSection
EndGlobal
