
Microsoft Visual Studio Solution File, Format Version 12.00
# Visual Studio Version 16
VisualStudioVersion = 16.0.31019.35
MinimumVisualStudioVersion = 10.0.40219.1
Project("{FAE04EC0-301F-11D3-BF4B-00C04F79EFBC}") = "Sample2_MyProfile", "Sample2_MyProfile\Sample2_MyProfile.csproj", "{9A754443-8D59-4C87-8C74-52B18327766E}"
EndProject
Global
	GlobalSection(SolutionConfigurationPlatforms) = preSolution
		Debug|Any CPU = Debug|Any CPU
		Release|Any CPU = Release|Any CPU
	EndGlobalSection
	GlobalSection(ProjectConfigurationPlatforms) = postSolution
		{9A754443-8D59-4C87-8C74-52B18327766E}.Debug|Any CPU.ActiveCfg = Debug|Any CPU
		{9A754443-8D59-4C87-8C74-52B18327766E}.Debug|Any CPU.Build.0 = Debug|Any CPU
		{9A754443-8D59-4C87-8C74-52B18327766E}.Release|Any CPU.ActiveCfg = Release|Any CPU
		{9A754443-8D59-4C87-8C74-52B18327766E}.Release|Any CPU.Build.0 = Release|Any CPU
	EndGlobalSection
	GlobalSection(SolutionProperties) = preSolution
		HideSolutionNode = FALSE
	EndGlobalSection
	GlobalSection(ExtensibilityGlobals) = postSolution
		SolutionGuid = {2531297F-C164-4603-A193-CA439ABD0C5D}
	EndGlobalSection
EndGlobal
