
Microsoft Visual Studio Solution File, Format Version 12.00
# Visual Studio Version 16
VisualStudioVersion = 16.0.31019.35
MinimumVisualStudioVersion = 10.0.40219.1
Project("{FAE04EC0-301F-11D3-BF4B-00C04F79EFBC}") = "Sample3", "Sample3.csproj", "{B8A68FF2-2B3A-4DD5-BA4C-1ED6C68E38CA}"
EndProject
Global
	GlobalSection(SolutionConfigurationPlatforms) = preSolution
		Debug|Any CPU = Debug|Any CPU
		Release|Any CPU = Release|Any CPU
	EndGlobalSection
	GlobalSection(ProjectConfigurationPlatforms) = postSolution
		{B8A68FF2-2B3A-4DD5-BA4C-1ED6C68E38CA}.Debug|Any CPU.ActiveCfg = Debug|Any CPU
		{B8A68FF2-2B3A-4DD5-BA4C-1ED6C68E38CA}.Debug|Any CPU.Build.0 = Debug|Any CPU
		{B8A68FF2-2B3A-4DD5-BA4C-1ED6C68E38CA}.Release|Any CPU.ActiveCfg = Release|Any CPU
		{B8A68FF2-2B3A-4DD5-BA4C-1ED6C68E38CA}.Release|Any CPU.Build.0 = Release|Any CPU
	EndGlobalSection
	GlobalSection(SolutionProperties) = preSolution
		HideSolutionNode = FALSE
	EndGlobalSection
	GlobalSection(ExtensibilityGlobals) = postSolution
		SolutionGuid = {47EFA6DD-B0C5-4E66-86D4-47252F79325E}
	EndGlobalSection
EndGlobal
