
Microsoft Visual Studio Solution File, Format Version 12.00
# Visual Studio Version 16
VisualStudioVersion = 16.0.31019.35
MinimumVisualStudioVersion = 10.0.40219.1
Project("{FAE04EC0-301F-11D3-BF4B-00C04F79EFBC}") = "Sample7_BasicOperation", "Sample7_BasicOperation.csproj", "{5D8BEDEB-30E5-4EC0-A499-4D58835BE81B}"
EndProject
Global
	GlobalSection(SolutionConfigurationPlatforms) = preSolution
		Debug|Any CPU = Debug|Any CPU
		Release|Any CPU = Release|Any CPU
	EndGlobalSection
	GlobalSection(ProjectConfigurationPlatforms) = postSolution
		{5D8BEDEB-30E5-4EC0-A499-4D58835BE81B}.Debug|Any CPU.ActiveCfg = Debug|Any CPU
		{5D8BEDEB-30E5-4EC0-A499-4D58835BE81B}.Debug|Any CPU.Build.0 = Debug|Any CPU
		{5D8BEDEB-30E5-4EC0-A499-4D58835BE81B}.Release|Any CPU.ActiveCfg = Release|Any CPU
		{5D8BEDEB-30E5-4EC0-A499-4D58835BE81B}.Release|Any CPU.Build.0 = Release|Any CPU
	EndGlobalSection
	GlobalSection(SolutionProperties) = preSolution
		HideSolutionNode = FALSE
	EndGlobalSection
	GlobalSection(ExtensibilityGlobals) = postSolution
		SolutionGuid = {943C0F72-0CB4-4CD4-A4B3-7A64111B827C}
	EndGlobalSection
EndGlobal
