
Microsoft Visual Studio Solution File, Format Version 12.00
# Visual Studio Version 16
VisualStudioVersion = 16.0.31025.194
MinimumVisualStudioVersion = 10.0.40219.1
Project("{FAE04EC0-301F-11D3-BF4B-00C04F79EFBC}") = "DoWhile", "DoWhile.csproj", "{E80EEEE5-367C-4FE1-8078-99F38A430037}"
EndProject
Global
	GlobalSection(SolutionConfigurationPlatforms) = preSolution
		Debug|Any CPU = Debug|Any CPU
		Release|Any CPU = Release|Any CPU
	EndGlobalSection
	GlobalSection(ProjectConfigurationPlatforms) = postSolution
		{E80EEEE5-367C-4FE1-8078-99F38A430037}.Debug|Any CPU.ActiveCfg = Debug|Any CPU
		{E80EEEE5-367C-4FE1-8078-99F38A430037}.Debug|Any CPU.Build.0 = Debug|Any CPU
		{E80EEEE5-367C-4FE1-8078-99F38A430037}.Release|Any CPU.ActiveCfg = Release|Any CPU
		{E80EEEE5-367C-4FE1-8078-99F38A430037}.Release|Any CPU.Build.0 = Release|Any CPU
	EndGlobalSection
	GlobalSection(SolutionProperties) = preSolution
		HideSolutionNode = FALSE
	EndGlobalSection
	GlobalSection(ExtensibilityGlobals) = postSolution
		SolutionGuid = {8226BD43-38F3-4AB5-B91C-6CB58C2C1747}
	EndGlobalSection
EndGlobal
