
Microsoft Visual Studio Solution File, Format Version 12.00
# Visual Studio Version 16
VisualStudioVersion = 16.0.31025.194
MinimumVisualStudioVersion = 10.0.40219.1
Project("{FAE04EC0-301F-11D3-BF4B-00C04F79EFBC}") = "CompareName", "CompareName.csproj", "{C34768A1-46EC-4E8E-80A9-AC3A10885843}"
EndProject
Global
	GlobalSection(SolutionConfigurationPlatforms) = preSolution
		Debug|Any CPU = Debug|Any CPU
		Release|Any CPU = Release|Any CPU
	EndGlobalSection
	GlobalSection(ProjectConfigurationPlatforms) = postSolution
		{C34768A1-46EC-4E8E-80A9-AC3A10885843}.Debug|Any CPU.ActiveCfg = Debug|Any CPU
		{C34768A1-46EC-4E8E-80A9-AC3A10885843}.Debug|Any CPU.Build.0 = Debug|Any CPU
		{C34768A1-46EC-4E8E-80A9-AC3A10885843}.Release|Any CPU.ActiveCfg = Release|Any CPU
		{C34768A1-46EC-4E8E-80A9-AC3A10885843}.Release|Any CPU.Build.0 = Release|Any CPU
	EndGlobalSection
	GlobalSection(SolutionProperties) = preSolution
		HideSolutionNode = FALSE
	EndGlobalSection
	GlobalSection(ExtensibilityGlobals) = postSolution
		SolutionGuid = {8D9069BF-21DE-403D-83D5-00C29B1F8339}
	EndGlobalSection
EndGlobal
