
Microsoft Visual Studio Solution File, Format Version 12.00
# Visual Studio Version 16
VisualStudioVersion = 16.0.31025.194
MinimumVisualStudioVersion = 10.0.40219.1
Project("{FAE04EC0-301F-11D3-BF4B-00C04F79EFBC}") = "Sample14_While", "Sample14_While.csproj", "{A325635D-5529-4DEB-B2D5-B45F80E3AFD6}"
EndProject
Global
	GlobalSection(SolutionConfigurationPlatforms) = preSolution
		Debug|Any CPU = Debug|Any CPU
		Release|Any CPU = Release|Any CPU
	EndGlobalSection
	GlobalSection(ProjectConfigurationPlatforms) = postSolution
		{A325635D-5529-4DEB-B2D5-B45F80E3AFD6}.Debug|Any CPU.ActiveCfg = Debug|Any CPU
		{A325635D-5529-4DEB-B2D5-B45F80E3AFD6}.Debug|Any CPU.Build.0 = Debug|Any CPU
		{A325635D-5529-4DEB-B2D5-B45F80E3AFD6}.Release|Any CPU.ActiveCfg = Release|Any CPU
		{A325635D-5529-4DEB-B2D5-B45F80E3AFD6}.Release|Any CPU.Build.0 = Release|Any CPU
	EndGlobalSection
	GlobalSection(SolutionProperties) = preSolution
		HideSolutionNode = FALSE
	EndGlobalSection
	GlobalSection(ExtensibilityGlobals) = postSolution
		SolutionGuid = {C9E6FD39-279E-4FF6-BC34-9D3AB9029D56}
	EndGlobalSection
EndGlobal
