
Microsoft Visual Studio Solution File, Format Version 12.00
# Visual Studio Version 16
VisualStudioVersion = 16.0.31019.35
MinimumVisualStudioVersion = 10.0.40219.1
Project("{FAE04EC0-301F-11D3-BF4B-00C04F79EFBC}") = "Sample1_HelloWorld", "Sample1_HelloWorld\Sample1_HelloWorld.csproj", "{B994A226-8ABB-4D5A-83ED-952BFBFBF2F9}"
EndProject
Global
	GlobalSection(SolutionConfigurationPlatforms) = preSolution
		Debug|Any CPU = Debug|Any CPU
		Release|Any CPU = Release|Any CPU
	EndGlobalSection
	GlobalSection(ProjectConfigurationPlatforms) = postSolution
		{B994A226-8ABB-4D5A-83ED-952BFBFBF2F9}.Debug|Any CPU.ActiveCfg = Debug|Any CPU
		{B994A226-8ABB-4D5A-83ED-952BFBFBF2F9}.Debug|Any CPU.Build.0 = Debug|Any CPU
		{B994A226-8ABB-4D5A-83ED-952BFBFBF2F9}.Release|Any CPU.ActiveCfg = Release|Any CPU
		{B994A226-8ABB-4D5A-83ED-952BFBFBF2F9}.Release|Any CPU.Build.0 = Release|Any CPU
	EndGlobalSection
	GlobalSection(SolutionProperties) = preSolution
		HideSolutionNode = FALSE
	EndGlobalSection
	GlobalSection(ExtensibilityGlobals) = postSolution
		SolutionGuid = {87B69EE4-89D4-42EE-BB22-52C568AA0FAA}
	EndGlobalSection
EndGlobal
