
Microsoft Visual Studio Solution File, Format Version 12.00
# Visual Studio Version 16
VisualStudioVersion = 16.0.31025.194
MinimumVisualStudioVersion = 10.0.40219.1
Project("{FAE04EC0-301F-11D3-BF4B-00C04F79EFBC}") = "BasicOperations_Nacino", "BasicOperations_Nacino.csproj", "{7B8893C0-7797-4494-A2DE-94994F933FF2}"
EndProject
Global
	GlobalSection(SolutionConfigurationPlatforms) = preSolution
		Debug|Any CPU = Debug|Any CPU
		Release|Any CPU = Release|Any CPU
	EndGlobalSection
	GlobalSection(ProjectConfigurationPlatforms) = postSolution
		{7B8893C0-7797-4494-A2DE-94994F933FF2}.Debug|Any CPU.ActiveCfg = Debug|Any CPU
		{7B8893C0-7797-4494-A2DE-94994F933FF2}.Debug|Any CPU.Build.0 = Debug|Any CPU
		{7B8893C0-7797-4494-A2DE-94994F933FF2}.Release|Any CPU.ActiveCfg = Release|Any CPU
		{7B8893C0-7797-4494-A2DE-94994F933FF2}.Release|Any CPU.Build.0 = Release|Any CPU
	EndGlobalSection
	GlobalSection(SolutionProperties) = preSolution
		HideSolutionNode = FALSE
	EndGlobalSection
	GlobalSection(ExtensibilityGlobals) = postSolution
		SolutionGuid = {892AEA44-25EC-428C-9DFF-1A05E010B7CF}
	EndGlobalSection
EndGlobal
